{
    "_meta": {
        "hash": {
            "sha256": "c81a2b39b56311840662405087607698f02bc7643af6407d9341170df20ebc3e"
        },
        "pipfile-spec": 6,
        "requires": {
            "python_version": "3.11"
        },
        "sources": [
            {
                "name": "pypi",
                "url": "https://pypi.org/simple",
                "verify_ssl": true
            }
        ]
    },
    "default": {
        "anyascii": {
            "hashes": [
                "sha256:c94e9dd9d47b3d9494eca305fef9447d00b4bf1a32aff85aa746fa3ec7fb95c3",
                "sha256:f5ab5e53c8781a36b5a40e1296a0eeda2f48c649ef10c3921c1381b1d00dee7a"
            ],
            "markers": "python_version >= '3.3'",
            "version": "==0.3.3"
        },
        "asgiref": {
            "hashes": [
                "sha256:aef8a81283a34d0ab31630c9b7dfe70c812c95eba78171367ca8745e88124734",
                "sha256:d89f2d8cd8b56dada7d52fa7dc8075baa08fb836560710d38c292a7a3f78c04e"
            ],
            "markers": "python_version >= '3.9'",
            "version": "==3.10.0"
        },
        "beautifulsoup4": {
            "hashes": [
                "sha256:74e3d1928edc070d21748185c46e3fb33490f22f52a3addee9aee0f4f7781051",
                "sha256:b80878c9f40111313e55da8ba20bdba06d8fa3969fc68304167741bbf9e082ed"
            ],
            "markers": "python_full_version >= '3.6.0'",
            "version": "==4.12.3"
        },
        "bleach": {
            "hashes": [
                "sha256:0900d8b37eba61a802ee40ac0061f8c2b5dee29c1927dd1d233e075ebf5a71da",
                "sha256:4d2651ab93271d1129ac9cbc679f524565cc8a1b791909c4a51eac4446a15994"
            ],
            "markers": "python_version >= '3.6'",
            "version": "==4.1.0"
        },
        "certifi": {
            "hashes": [
                "sha256:0f212c2744a9bb6de0c56639a6f68afe01ecd92d91f14ae897c4fe7bbeeef0de",
                "sha256:47c09d31ccf2acf0be3f701ea53595ee7e0b8fa08801c6624be771df09ae7b43"
            ],
            "markers": "python_version >= '3.7'",
            "version": "==2025.10.5"
        },
        "charset-normalizer": {
            "hashes": [
                "sha256:00237675befef519d9af72169d8604a067d92755e84fe76492fef5441db05b91",
                "sha256:02425242e96bcf29a49711b0ca9f37e451da7c70562bc10e8ed992a5a7a25cc0",
                "sha256:027b776c26d38b7f15b26a5da1044f376455fb3766df8fc38563b4efbc515154",
                "sha256:07a0eae9e2787b586e129fdcbe1af6997f8d0e5abaa0bc98c0e20e124d67e601",
                "sha256:0cacf8f7297b0c4fcb74227692ca46b4a5852f8f4f24b3c766dd94a1075c4884",
                "sha256:0e78314bdc32fa80696f72fa16dc61168fda4d6a0c014e0380f9d02f0e5d8a07",
                "sha256:0f2be7e0cf7754b9a30eb01f4295cc3d4358a479843b31f328afd210e2c7598c",
                "sha256:13faeacfe61784e2559e690fc53fa4c5ae97c6fcedb8eb6fb8d0a15b475d2c64",
                "sha256:14c2a87c65b351109f6abfc424cab3927b3bdece6f706e4d12faaf3d52ee5efe",
                "sha256:1606f4a55c0fd363d754049cdf400175ee96c992b1f8018b993941f221221c5f",
                "sha256:16a8770207946ac75703458e2c743631c79c59c5890c80011d536248f8eaa432",
                "sha256:18343b2d246dc6761a249ba1fb13f9ee9a2bcd95decc767319506056ea4ad4dc",
                "sha256:18b97b8404387b96cdbd30ad660f6407799126d26a39ca65729162fd810a99aa",
                "sha256:1bb60174149316da1c35fa5233681f7c0f9f514509b8e399ab70fea5f17e45c9",
                "sha256:1e8ac75d72fa3775e0b7cb7e4629cec13b7514d928d15ef8ea06bca03ef01cae",
                "sha256:1ef99f0456d3d46a50945c98de1774da86f8e992ab5c77865ea8b8195341fc19",
                "sha256:2001a39612b241dae17b4687898843f254f8748b796a2e16f1051a17078d991d",
                "sha256:23b6b24d74478dc833444cbd927c338349d6ae852ba53a0d02a2de1fce45b96e",
                "sha256:252098c8c7a873e17dd696ed98bbe91dbacd571da4b87df3736768efa7a792e4",
                "sha256:257f26fed7d7ff59921b78244f3cd93ed2af1800ff048c33f624c87475819dd7",
                "sha256:2c322db9c8c89009a990ef07c3bcc9f011a3269bc06782f916cd3d9eed7c9312",
                "sha256:30a96e1e1f865f78b030d65241c1ee850cdf422d869e9028e2fc1d5e4db73b92",
                "sha256:30d006f98569de3459c2fc1f2acde170b7b2bd265dc1943e87e1a4efe1b67c31",
                "sha256:31a9a6f775f9bcd865d88ee350f0ffb0e25936a7f930ca98995c05abf1faf21c",
                "sha256:320e8e66157cc4e247d9ddca8e21f427efc7a04bbd0ac8a9faf56583fa543f9f",
                "sha256:34a7f768e3f985abdb42841e20e17b330ad3aaf4bb7e7aeeb73db2e70f077b99",
                "sha256:3653fad4fe3ed447a596ae8638b437f827234f01a8cd801842e43f3d0a6b281b",
                "sha256:3cd35b7e8aedeb9e34c41385fda4f73ba609e561faedfae0a9e75e44ac558a15",
                "sha256:3cfb2aad70f2c6debfbcb717f23b7eb55febc0bb23dcffc0f076009da10c6392",
                "sha256:416175faf02e4b0810f1f38bcb54682878a4af94059a1cd63b8747244420801f",
                "sha256:41d1fc408ff5fdfb910200ec0e74abc40387bccb3252f3f27c0676731df2b2c8",
                "sha256:42e5088973e56e31e4fa58eb6bd709e42fc03799c11c42929592889a2e54c491",
                "sha256:4ca4c094de7771a98d7fbd67d9e5dbf1eb73efa4f744a730437d8a3a5cf994f0",
                "sha256:511729f456829ef86ac41ca78c63a5cb55240ed23b4b737faca0eb1abb1c41bc",
                "sha256:53cd68b185d98dde4ad8990e56a58dea83a4162161b1ea9272e5c9182ce415e0",
                "sha256:585f3b2a80fbd26b048a0be90c5aae8f06605d3c92615911c3a2b03a8a3b796f",
                "sha256:5b413b0b1bfd94dbf4023ad6945889f374cd24e3f62de58d6bb102c4d9ae534a",
                "sha256:5d8d01eac18c423815ed4f4a2ec3b439d654e55ee4ad610e153cf02faf67ea40",
                "sha256:6aab0f181c486f973bc7262a97f5aca3ee7e1437011ef0c2ec04b5a11d16c927",
                "sha256:6cf8fd4c04756b6b60146d98cd8a77d0cdae0e1ca20329da2ac85eed779b6849",
                "sha256:6fb70de56f1859a3f71261cbe41005f56a7842cc348d3aeb26237560bfa5e0ce",
                "sha256:6fce4b8500244f6fcb71465d4a4930d132ba9ab8e71a7859e6a5d59851068d14",
                "sha256:70bfc5f2c318afece2f5838ea5e4c3febada0be750fcf4775641052bbba14d05",
                "sha256:73dc19b562516fc9bcf6e5d6e596df0b4eb98d87e4f79f3ae71840e6ed21361c",
                "sha256:74d77e25adda8581ffc1c720f1c81ca082921329452eba58b16233ab1842141c",
                "sha256:78deba4d8f9590fe4dae384aeff04082510a709957e968753ff3c48399f6f92a",
                "sha256:86df271bf921c2ee3818f0522e9a5b8092ca2ad8b065ece5d7d9d0e9f4849bcc",
                "sha256:88ab34806dea0671532d3f82d82b85e8fc23d7b2dd12fa837978dad9bb392a34",
                "sha256:8999f965f922ae054125286faf9f11bc6932184b93011d138925a1773830bbe9",
                "sha256:8dcfc373f888e4fb39a7bc57e93e3b845e7f462dacc008d9749568b1c4ece096",
                "sha256:939578d9d8fd4299220161fdd76e86c6a251987476f5243e8864a7844476ba14",
                "sha256:96b2b3d1a83ad55310de8c7b4a2d04d9277d5591f40761274856635acc5fcb30",
                "sha256:a2d08ac246bb48479170408d6c19f6385fa743e7157d716e144cad849b2dd94b",
                "sha256:b256ee2e749283ef3ddcff51a675ff43798d92d746d1a6e4631bf8c707d22d0b",
                "sha256:b5e3b2d152e74e100a9e9573837aba24aab611d39428ded46f4e4022ea7d1942",
                "sha256:b89bc04de1d83006373429975f8ef9e7932534b8cc9ca582e4db7d20d91816db",
                "sha256:bd28b817ea8c70215401f657edef3a8aa83c29d447fb0b622c35403780ba11d5",
                "sha256:c60e092517a73c632ec38e290eba714e9627abe9d301c8c8a12ec32c314a2a4b",
                "sha256:c6dbd0ccdda3a2ba7c2ecd9d77b37f3b5831687d8dc1b6ca5f56a4880cc7b7ce",
                "sha256:c6e490913a46fa054e03699c70019ab869e990270597018cef1d8562132c2669",
                "sha256:c6f162aabe9a91a309510d74eeb6507fab5fff92337a15acbe77753d88d9dcf0",
                "sha256:c6fd51128a41297f5409deab284fecbe5305ebd7e5a1f959bee1c054622b7018",
                "sha256:cc34f233c9e71701040d772aa7490318673aa7164a0efe3172b2981218c26d93",
                "sha256:cc9370a2da1ac13f0153780040f465839e6cccb4a1e44810124b4e22483c93fe",
                "sha256:ccf600859c183d70eb47e05a44cd80a4ce77394d1ac0f79dbd2dd90a69a3a049",
                "sha256:ce571ab16d890d23b5c278547ba694193a45011ff86a9162a71307ed9f86759a",
                "sha256:cf1ebb7d78e1ad8ec2a8c4732c7be2e736f6e5123a4146c5b89c9d1f585f8cef",
                "sha256:d0e909868420b7049dafd3a31d45125b31143eec59235311fc4c57ea26a4acd2",
                "sha256:d22dbedd33326a4a5190dd4fe9e9e693ef12160c77382d9e87919bce54f3d4ca",
                "sha256:d716a916938e03231e86e43782ca7878fb602a125a91e7acb8b5112e2e96ac16",
                "sha256:d79c198e27580c8e958906f803e63cddb77653731be08851c7df0b1a14a8fc0f",
                "sha256:d95bfb53c211b57198bb91c46dd5a2d8018b3af446583aab40074bf7988401cb",
                "sha256:e28e334d3ff134e88989d90ba04b47d84382a828c061d0d1027b1b12a62b39b1",
                "sha256:ec557499516fc90fd374bf2e32349a2887a876fbf162c160e3c01b6849eaf557",
                "sha256:fb6fecfd65564f208cbf0fba07f107fb661bcd1a7c389edbced3f7a493f70e37",
                "sha256:fb731e5deb0c7ef82d698b0f4c5bb724633ee2a489401594c5c88b02e6cb15f7",
                "sha256:fb7f67a1bfa6e40b438170ebdc8158b78dc465a5a67b6dde178a46987b244a72",
                "sha256:fd10de089bcdcd1be95a2f73dbe6254798ec1bda9f450d5828c96f93e2536b9c",
                "sha256:fdabf8315679312cfa71302f9bd509ded4f2f263fb5b765cf1433b39106c3cc9"
            ],
            "markers": "python_version >= '3.7'",
            "version": "==3.4.3"
        },
        "defusedxml": {
            "hashes": [
                "sha256:1bb3032db185915b62d7c6209c5a8792be6a32ab2fedacc84e01b52c51aa3e69",
                "sha256:a352e7e428770286cc899e2542b6cdaedb2b4953ff269a210103ec58f6198a61"
            ],
            "markers": "python_version >= '2.7' and python_version not in '3.0, 3.1, 3.2, 3.3, 3.4'",
            "version": "==0.7.1"
        },
        "django": {
            "hashes": [
                "sha256:06f257f79dc4c17f3f9e23b106a4c5ed1335abecbe731e83c598c941d14fbeed",
                "sha256:543ff21679f15e80edfc01fe7ea35f8291b6d4ea589433882913626a7c1cf929"
            ],
            "index": "pypi",
            "markers": "python_version >= '3.10'",
            "version": "==5.1.13"
        },
        "django-environ": {
            "hashes": [
                "sha256:227dc891453dd5bde769c3449cf4a74b6f2ee8f7ab2361c93a07068f4179041a",
                "sha256:92fb346a158abda07ffe6eb23135ce92843af06ecf8753f43adf9d2366dcc0ca"
            ],
            "index": "pypi",
            "markers": "python_version >= '3.9' and python_version < '4'",
            "version": "==0.12.0"
        },
        "django-filter": {
            "hashes": [
                "sha256:c4852822928ce17fb699bcfccd644b3574f1a2d80aeb2b4ff4f16b02dd49dc64",
                "sha256:d8ccaf6732afd21ca0542f6733b11591030fa98669f8d15599b358e24a2cd9c3"
            ],
            "markers": "python_version >= '3.8'",
            "version": "==24.3"
        },
        "django-modelcluster": {
            "hashes": [
                "sha256:0102d00e6b884721ba21e32edb716548e0dead7880e130aa2e04854bd384a42f",
                "sha256:839b0ddb4a1a6f5fc7d9f2f029614a84350b41315bdb80a9c8b755baaa2297f2"
            ],
            "markers": "python_version >= '3.9'",
            "version": "==6.4"
        },
        "django-permissionedforms": {
            "hashes": [
                "sha256:4340bb20c4477fffb13b4cc5cccf9f1b1010b64f79956c291c72d2ad2ed243f8",
                "sha256:d341a961a27cc77fde8cc42141c6ab55cc1f0cb886963cc2d6967b9674fa47d6"
            ],
            "markers": "python_version >= '3.7'",
            "version": "==0.1"
        },
        "django-recaptcha": {
            "hashes": [
                "sha256:463aa65967e973de466b28ce8e8b6abb2faffb1ce0c7faa1bf0e5b041e0497cb",
                "sha256:73097b958733f65b729d4e4630c51fc2bf147aca6f026017d18898dfc25cb4c5"
            ],
            "version": "==4.1.0"
        },
        "django-taggit": {
            "hashes": [
                "sha256:a0ca8a28b03c4b26c2630fd762cb76ec39b5e41abf727a7b66f897a625c5e647",
                "sha256:edcd7db1e0f35c304e082a2f631ddac2e16ef5296029524eb792af7430cab4cc"
            ],
            "markers": "python_version >= '3.8'",
            "version": "==5.0.1"
        },
        "django-treebeard": {
            "hashes": [
                "sha256:846e462904b437155f76e04907ba4e48480716855f88b898df4122bdcfbd6e98",
                "sha256:995c7120153ab999898fe3043bbdcd8a0fc77cc106eb94de7350e9d02c885135"
            ],
            "markers": "python_version >= '3.8'",
            "version": "==4.7.1"
        },
        "djangorestframework": {
            "hashes": [
                "sha256:166809528b1aced0a17dc66c24492af18049f2c9420dbd0be29422029cfc3ff7",
                "sha256:33a59f47fb9c85ede792cbf88bde71893bcda0667bc573f784649521f1102cec"
            ],
            "markers": "python_version >= '3.9'",
            "version": "==3.16.1"
        },
        "draftjs-exporter": {
            "hashes": [
                "sha256:9f44b8dcecb702540e3aab24af2fad8683aec910fe0034c12cfab5d716ac5f84",
                "sha256:c32932b7933b994fd5ea74c1decf47b5c41e13ba06363f5b69b76ef10137d4e9"
            ],
            "version": "==5.1.0"
        },
        "et-xmlfile": {
            "hashes": [
                "sha256:7a91720bc756843502c3b7504c77b8fe44217c85c537d85037f0f536151b2caa",
                "sha256:dab3f4764309081ce75662649be815c4c9081e88f0837825f90fd28317d4da54"
            ],
            "markers": "python_version >= '3.8'",
            "version": "==2.0.0"
        },
        "filetype": {
            "hashes": [
                "sha256:66b56cd6474bf41d8c54660347d37afcc3f7d1970648de365c102ef77548aadb",
                "sha256:7ce71b6880181241cf7ac8697a2f1eb6a8bd9b429f7ad6d27b8db9ba5f1c2d25"
            ],
            "version": "==1.2.0"
        },
        "idna": {
            "hashes": [
                "sha256:12f65c9b470abda6dc35cf8e63cc574b1c52b11df2c86030af0ac09b01b13ea9",
                "sha256:946d195a0d259cbba61165e88e65941f16e9b36ea6ddb97f00452bae8b1287d3"
            ],
            "markers": "python_version >= '3.6'",
            "version": "==3.10"
        },
        "l18n": {
            "hashes": [
                "sha256:1956e890d673d17135cc20913253c154f6bc1c00266c22b7d503cc1a5a42d848",
                "sha256:78495d1df95b6f7dcc694d1ba8994df709c463a1cbac1bf016e1b9a5ce7280b9"
            ],
            "version": "==2021.3"
        },
        "laces": {
            "hashes": [
                "sha256:3218e09c1889ae5cf3fc7a82f5bb63ec0c7879889b6a9760bfc42323c694b84d",
                "sha256:980cdaf9a31e883a2b8198132e2388931a4eb8814f5bfa5d8bba13ff9f657b7c"
            ],
            "markers": "python_version >= '3.8'",
            "version": "==0.1.2"
        },
        "markdown": {
            "hashes": [
                "sha256:9f4d91ed810864ea88a6f32c07ba8bee1346c0cc1f6b1f9f6c822f2a9667d280",
                "sha256:d2900fe1782bd33bdbbd56859defef70c2e78fc46668f8eb9df3128138f2cb6a"
            ],
            "markers": "python_version >= '3.9'",
            "version": "==3.9"
        },
        "openpyxl": {
            "hashes": [
                "sha256:5282c12b107bffeef825f4617dc029afaf41d0ea60823bbb665ef3079dc79de2",
                "sha256:cf0e3cf56142039133628b5acffe8ef0c12bc902d2aadd3e0fe5878dc08d1050"
            ],
            "markers": "python_version >= '3.8'",
            "version": "==3.1.5"
        },
        "packaging": {
            "hashes": [
                "sha256:29572ef2b1f17581046b3a2227d5c611fb25ec70ca1ba8554b24b0e69331a484",
                "sha256:d443872c98d677bf60f6a1f2f8c1cb748e8fe762d2bf9d3148b5599295b0fc4f"
            ],
            "markers": "python_version >= '3.8'",
            "version": "==25.0"
        },
        "pillow": {
            "hashes": [
                "sha256:02a2be69f9c9b8c1e97cf2713e789d4e398c751ecfd9967c18d0ce304efbf885",
                "sha256:030abdbe43ee02e0de642aee345efa443740aa4d828bfe8e2eb11922ea6a21ea",
                "sha256:06b2f7898047ae93fad74467ec3d28fe84f7831370e3c258afa533f81ef7f3df",
                "sha256:0755ffd4a0c6f267cccbae2e9903d95477ca2f77c4fcf3a3a09570001856c8a5",
                "sha256:0a9ec697746f268507404647e531e92889890a087e03681a3606d9b920fbee3c",
                "sha256:0ae24a547e8b711ccaaf99c9ae3cd975470e1a30caa80a6aaee9a2f19c05701d",
                "sha256:134ace6dc392116566980ee7436477d844520a26a4b1bd4053f6f47d096997fd",
                "sha256:166c1cd4d24309b30d61f79f4a9114b7b2313d7450912277855ff5dfd7cd4a06",
                "sha256:1b5dea9831a90e9d0721ec417a80d4cbd7022093ac38a568db2dd78363b00908",
                "sha256:1d846aea995ad352d4bdcc847535bd56e0fd88d36829d2c90be880ef1ee4668a",
                "sha256:1ef61f5dd14c300786318482456481463b9d6b91ebe5ef12f405afbba77ed0be",
                "sha256:297e388da6e248c98bc4a02e018966af0c5f92dfacf5a5ca22fa01cb3179bca0",
                "sha256:298478fe4f77a4408895605f3482b6cc6222c018b2ce565c2b6b9c354ac3229b",
                "sha256:29dbdc4207642ea6aad70fbde1a9338753d33fb23ed6956e706936706f52dd80",
                "sha256:2db98790afc70118bd0255c2eeb465e9767ecf1f3c25f9a1abb8ffc8cfd1fe0a",
                "sha256:32cda9e3d601a52baccb2856b8ea1fc213c90b340c542dcef77140dfa3278a9e",
                "sha256:37fb69d905be665f68f28a8bba3c6d3223c8efe1edf14cc4cfa06c241f8c81d9",
                "sha256:416d3a5d0e8cfe4f27f574362435bc9bae57f679a7158e0096ad2beb427b8696",
                "sha256:43efea75eb06b95d1631cb784aa40156177bf9dd5b4b03ff38979e048258bc6b",
                "sha256:4b35b21b819ac1dbd1233317adeecd63495f6babf21b7b2512d244ff6c6ce309",
                "sha256:4d9667937cfa347525b319ae34375c37b9ee6b525440f3ef48542fcf66f2731e",
                "sha256:5161eef006d335e46895297f642341111945e2c1c899eb406882a6c61a4357ab",
                "sha256:543f3dc61c18dafb755773efc89aae60d06b6596a63914107f75459cf984164d",
                "sha256:551d3fd6e9dc15e4c1eb6fc4ba2b39c0c7933fa113b220057a34f4bb3268a060",
                "sha256:59291fb29317122398786c2d44427bbd1a6d7ff54017075b22be9d21aa59bd8d",
                "sha256:5b001114dd152cfd6b23befeb28d7aee43553e2402c9f159807bf55f33af8a8d",
                "sha256:5b4815f2e65b30f5fbae9dfffa8636d992d49705723fe86a3661806e069352d4",
                "sha256:5dc6761a6efc781e6a1544206f22c80c3af4c8cf461206d46a1e6006e4429ff3",
                "sha256:5e84b6cc6a4a3d76c153a6b19270b3526a5a8ed6b09501d3af891daa2a9de7d6",
                "sha256:6209bb41dc692ddfee4942517c19ee81b86c864b626dbfca272ec0f7cff5d9fb",
                "sha256:673655af3eadf4df6b5457033f086e90299fdd7a47983a13827acf7459c15d94",
                "sha256:6c762a5b0997f5659a5ef2266abc1d8851ad7749ad9a6a5506eb23d314e4f46b",
                "sha256:7086cc1d5eebb91ad24ded9f58bec6c688e9f0ed7eb3dbbf1e4800280a896496",
                "sha256:73664fe514b34c8f02452ffb73b7a92c6774e39a647087f83d67f010eb9a0cf0",
                "sha256:76a911dfe51a36041f2e756b00f96ed84677cdeb75d25c767f296c1c1eda1319",
                "sha256:780c072c2e11c9b2c7ca37f9a2ee8ba66f44367ac3e5c7832afcfe5104fd6d1b",
                "sha256:7928ecbf1ece13956b95d9cbcfc77137652b02763ba384d9ab508099a2eca856",
                "sha256:7970285ab628a3779aecc35823296a7869f889b8329c16ad5a71e4901a3dc4ef",
                "sha256:7a8d4bade9952ea9a77d0c3e49cbd8b2890a399422258a77f357b9cc9be8d680",
                "sha256:7c1ee6f42250df403c5f103cbd2768a28fe1a0ea1f0f03fe151c8741e1469c8b",
                "sha256:7dfecdbad5c301d7b5bde160150b4db4c659cee2b69589705b6f8a0c509d9f42",
                "sha256:812f7342b0eee081eaec84d91423d1b4650bb9828eb53d8511bcef8ce5aecf1e",
                "sha256:866b6942a92f56300012f5fbac71f2d610312ee65e22f1aa2609e491284e5597",
                "sha256:86dcb5a1eb778d8b25659d5e4341269e8590ad6b4e8b44d9f4b07f8d136c414a",
                "sha256:87dd88ded2e6d74d31e1e0a99a726a6765cda32d00ba72dc37f0651f306daaa8",
                "sha256:8bc1a764ed8c957a2e9cacf97c8b2b053b70307cf2996aafd70e91a082e70df3",
                "sha256:8d4d5063501b6dd4024b8ac2f04962d661222d120381272deea52e3fc52d3736",
                "sha256:8f0aef4ef59694b12cadee839e2ba6afeab89c0f39a3adc02ed51d109117b8da",
                "sha256:930044bb7679ab003b14023138b50181899da3f25de50e9dbee23b61b4de2126",
                "sha256:950be4d8ba92aca4b2bb0741285a46bfae3ca699ef913ec8416c1b78eadd64cd",
                "sha256:961a7293b2457b405967af9c77dcaa43cc1a8cd50d23c532e62d48ab6cdd56f5",
                "sha256:9b885f89040bb8c4a1573566bbb2f44f5c505ef6e74cec7ab9068c900047f04b",
                "sha256:9f4727572e2918acaa9077c919cbbeb73bd2b3ebcfe033b72f858fc9fbef0026",
                "sha256:a02364621fe369e06200d4a16558e056fe2805d3468350df3aef21e00d26214b",
                "sha256:a985e028fc183bf12a77a8bbf36318db4238a3ded7fa9df1b9a133f1cb79f8fc",
                "sha256:ac1452d2fbe4978c2eec89fb5a23b8387aba707ac72810d9490118817d9c0b46",
                "sha256:b15e02e9bb4c21e39876698abf233c8c579127986f8207200bc8a8f6bb27acf2",
                "sha256:b2724fdb354a868ddf9a880cb84d102da914e99119211ef7ecbdc613b8c96b3c",
                "sha256:bbc527b519bd3aa9d7f429d152fea69f9ad37c95f0b02aebddff592688998abe",
                "sha256:bcd5e41a859bf2e84fdc42f4edb7d9aba0a13d29a2abadccafad99de3feff984",
                "sha256:bd2880a07482090a3bcb01f4265f1936a903d70bc740bfcb1fd4e8a2ffe5cf5a",
                "sha256:bee197b30783295d2eb680b311af15a20a8b24024a19c3a26431ff83eb8d1f70",
                "sha256:bf2342ac639c4cf38799a44950bbc2dfcb685f052b9e262f446482afaf4bffca",
                "sha256:c76e5786951e72ed3686e122d14c5d7012f16c8303a674d18cdcd6d89557fc5b",
                "sha256:cbed61494057c0f83b83eb3a310f0bf774b09513307c434d4366ed64f4128a91",
                "sha256:cfdd747216947628af7b259d274771d84db2268ca062dd5faf373639d00113a3",
                "sha256:d7480af14364494365e89d6fddc510a13e5a2c3584cb19ef65415ca57252fb84",
                "sha256:dbc6ae66518ab3c5847659e9988c3b60dc94ffb48ef9168656e0019a93dbf8a1",
                "sha256:dc3e2db6ba09ffd7d02ae9141cfa0ae23393ee7687248d46a7507b75d610f4f5",
                "sha256:dfe91cb65544a1321e631e696759491ae04a2ea11d36715eca01ce07284738be",
                "sha256:e4d49b85c4348ea0b31ea63bc75a9f3857869174e2bf17e7aba02945cd218e6f",
                "sha256:e4db64794ccdf6cb83a59d73405f63adbe2a1887012e308828596100a0b2f6cc",
                "sha256:e553cad5179a66ba15bb18b353a19020e73a7921296a7979c4a2b7f6a5cd57f9",
                "sha256:e88d5e6ad0d026fba7bdab8c3f225a69f063f116462c49892b0149e21b6c0a0e",
                "sha256:ecd85a8d3e79cd7158dec1c9e5808e821feea088e2f69a974db5edf84dc53141",
                "sha256:f5b92f4d70791b4a67157321c4e8225d60b119c5cc9aee8ecf153aace4aad4ef",
                "sha256:f5f0c3e969c8f12dd2bb7e0b15d5c468b51e5017e01e2e867335c81903046a22",
                "sha256:f7baece4ce06bade126fb84b8af1c33439a76d8a6fd818970215e0560ca28c27",
                "sha256:ff25afb18123cea58a591ea0244b92eb1e61a1fd497bf6d6384f09bc3262ec3e",
                "sha256:ff337c552345e95702c5fde3158acb0625111017d0e5f24bf3acdb9cc16b90d1"
            ],
            "markers": "python_version >= '3.8'",
            "version": "==10.4.0"
        },
        "pillow-heif": {
            "hashes": [
                "sha256:165b7e0d87e233f42be3de1237d7c026916c356de476d4aeaac1febafaab45c3",
                "sha256:1a5c88b34b49731d79deaf4f4ac8726400de9ca44e5b50cae56775ee60c3b85b",
                "sha256:1b46976aa563e031dece0b9eb3611e02622e2a6cea0e3f4146e0dd95b304505d",
                "sha256:1f548d852405a84bdfbc76ec060e94c0b17c9a06da968c104fd6146d874d9f07",
                "sha256:2345932d4efea71fce7990a8412c37f2e1dd19bf97909f42d96a452ad18a21db",
                "sha256:24b7b5bdc5a3a953cdf1de8aa8ee83b0305ab6be3c7808b1ca67594df0d750e2",
                "sha256:27400e7abc476df122d712b44cfe2eac5b2825cbe8761541bfc9a1c64ba2cb56",
                "sha256:29caf663afcf142ac7ffb903fda4e5a01991054a0fe4abd379fef3d42575ca67",
                "sha256:31a2a4838b3eacec665befbd621a43201c2ece0e35d636e001c4039cca875ba8",
                "sha256:487543a9d00157132f1aa45eee8099b3359c8626a85ee420dd28abab0d29428b",
                "sha256:49f2258f08d85cab66408c48fa437accbe9b89f2387a4e847664645c8ce7e669",
                "sha256:550093ee350c8cd404dbba61f7449d4ecc018109ab65f6f89b96a6dc39dde177",
                "sha256:5af08d451689539a2f9c4c6088180548b6146475f34d41a1334bc4ee1eab7a0b",
                "sha256:5c6f37f7f2ef0a12cfb8498c75ce964a57ca61258058c1bceb6dee4327b5b324",
                "sha256:61d473929340d3073722f6316b7fbbdb11132faa6bac0242328e8436cc55b39a",
                "sha256:646f2d05dd4a84ee1feb3a4aaa092269bf8f3f615c8f36d6e5d15b22a79d7cdd",
                "sha256:6cb570abd9045f0141fe5053d8d0adf09e2d4c0bf51ae1736140d48a9cfec2d3",
                "sha256:6e31596116328d0a3bd5a3be9fbacea56e28d5950c824b12d2486e9989364bc0",
                "sha256:782eef461c836b3947fe253baaa5dcf6c75fba484c4905b4ac6b5b1a0bb04b7c",
                "sha256:79010a7c4544d8e2ff2027087003a77e679d35399c6a1d73d6344d88acef0d2c",
                "sha256:7903f947db209b39e63e83def9885c2cb8bd3ace9982c5950773470911a6651e",
                "sha256:7b91c8a76bafdf776c4251475805ce777c2803e30386e997738a6b5c80efe437",
                "sha256:827640bbb58b227a60095911f909d9eead1f7aa31417a80aa86b87f15bfa758b",
                "sha256:8b6e195b4cb17bf71e374b167f14be434dde54bb68afee6fba5aa1b6f7644bee",
                "sha256:8ccd70ff3c30e93f8153fa08b5533aee54a73574c980784f0b74f5fba7b61e19",
                "sha256:9b7d765b00e7b80245120e0d53259b61f54bba2957f116f5ee07fcc1769be93f",
                "sha256:a15ecf743d14bc772188bf8f25f15f81ddf9a441e8dbe53f6ee10582431ccb01",
                "sha256:a7c70fe0b5b6c232749ac7cbb608f0732a66804598a422cfcfbb1fb77e076f77",
                "sha256:b3035b4b4304e7624f9559989618ccad8ac614144befd30361ff51941b8c1b44",
                "sha256:bac5e9a4d85ffc724180eb0fa3aef304aa9b67faea6f86c33e4c2e6a447db098",
                "sha256:bc78e4eb3198462ad6a79a73b7da0bc83a7d50a24e65429104e491cd3924ec08",
                "sha256:bf30bcaab9d2c0dbc43bb58d385faa9d3d8a693392beb50287aa6cda7a2f769e",
                "sha256:c5b25c2c4f147ca57e51ecfdd833c9ae9cbf00c8da34b7892ec0c8f4b57785b9",
                "sha256:c65291dc4f2f8404720b781580aba00eb3120acd26d829a58140b317d69093d3",
                "sha256:d68d5eb3ea132613ed2fc6b20cf30359b886786b5b428554cd951a8aab4cd1e4",
                "sha256:d7b8b1535df032730d3a1b4050f235b539dddac784dfc58612b072dcab3f85c1",
                "sha256:d96d73cb237ca55aeff09bd13eb7824f3f279ef8939583a3c57b9e765d5bc7a7",
                "sha256:d9dcde90c30e61f1f0da30393bf1983fe8dad3b890f52406e617b7840c682948",
                "sha256:e760f910ff90a97f9764be79e55a14c4ad0470322bb60b40789b3a0c38200dd3",
                "sha256:e78b48e85c981d03a3307bcf258763d54a2ab3d2426f11b3e6345d63fda038cb",
                "sha256:e8a058d7243779f5b02736b16d5be8f4a13321cb9163dd06a3ea90052dd68cb8",
                "sha256:ee1a8d571636dffcc576d0d23a4017fe9c4635e585944fe72af6cfa7a5ed05ff",
                "sha256:f0e980ac065690a61732dbdc3bac50de4064d09df24fca435178bd63df31a180",
                "sha256:f73b7ce0d47e2dbd4f89de765a0c2d6e75f7dde95c5a5d87c4a6ad11bc9da4a3",
                "sha256:f8563f14d76e544f5d1e8915c34dc2b01863351b7f74efbbaf9671d599b4ea5b",
                "sha256:ff9f295a89b616e2f1648286752f269d4e3055f54884a7a46c5c74ea4b23c20c"
            ],
            "markers": "python_version >= '3.9'",
            "version": "==0.22.0"
        },
        "psycopg": {
            "extras": [
                "binary"
            ],
            "hashes": [
                "sha256:0bce99269d16ed18401683a8569b2c5abd94f72f8364856d56c0389bcd50972a",
                "sha256:ab5caf09a9ec42e314a21f5216dbcceac528e0e05142e42eea83a3b28b320ac3"
            ],
            "markers": "python_version >= '3.8'",
            "version": "==3.2.10"
        },
        "psycopg-binary": {
            "hashes": [
                "sha256:037dc92fc7d3f2adae7680e17216934c15b919d6528b908ac2eb52aecc0addcf",
                "sha256:0738320a8d405f98743227ff70ed8fac9670870289435f4861dc640cef4a61d3",
                "sha256:0c23e88e048bbc33f32f5a35981707c9418723d469552dd5ac4e956366e58492",
                "sha256:0c2b95e83fda70ed2b0b4fadd8538572e4a4d987b721823981862d1ab56cc760",
                "sha256:14bcbcac0cab465d88b2581e43ec01af4b01c9833e663f1352e05cb41be19e44",
                "sha256:183a59cbdcd7e156669577fd73a9e917b1ee664e620f1e31ae138d24c7714693",
                "sha256:1b29285474e3339d0840e1b5079fdb0481914108f92ec62de0c87ae333c60b24",
                "sha256:1dee2f4d2adc9adacbfecf8254bd82f6ac95cff707e1b9b99aa721cd1ef16b47",
                "sha256:1f6982609b8ff8fcd67299b67cd5787da1876f3bb28fedd547262cfa8ddedf94",
                "sha256:2028073fc12cd70ba003309d1439c0c4afab4a7eee7653b8c91213064fffe12b",
                "sha256:20384985fbc650c09a547a13c6d7f91bb42020d38ceafd2b68b7fc4a48a1f160",
                "sha256:299834cce3eec0c48aae5a5207fc8f0c558fd65f2ceab1a36693329847da956b",
                "sha256:29b6bb87959515bc8b6abef10d8d23a9a681f03e48e9f0c8adb4b9fb7fa73f11",
                "sha256:3234605839e7d7584bd0a20716395eba34d368a5099dafe7896c943facac98fc",
                "sha256:37b42b2f5f58df1f07a5df1b0c2bcc9bd3b9c105e2e988923bfa47aa4ae967da",
                "sha256:3bb4046973264ebc8cb7e20a83882d68577c1f26a6f8ad4fe52e4468cd9a8eee",
                "sha256:3e115930af2f38f4bbb5f1b61b598ceb802f091c1592c0fe0571c796b714b89a",
                "sha256:42ee399c2613b470a87084ed79b06d9d277f19b0457c10e03a4aef7059097abc",
                "sha256:43d803fb4e108a67c78ba58f3e6855437ca25d56504cae7ebbfbd8fce9b59247",
                "sha256:447afc326cbc95ed67c0cd27606c0f81fa933b830061e096dbd37e08501cb3de",
                "sha256:470594d303928ab72a1ffd179c9c7bde9d00f76711d6b0c28f8a46ddf56d9807",
                "sha256:484d2b1659afe0f8f1cef5ea960bb640e96fa864faf917086f9f833f5c7a8034",
                "sha256:50130c0d1a2a01ec3d41631df86b6c1646c76718be000600a399dc1aad80b813",
                "sha256:5334a61a00ccb722f0b28789e265c7a273cfd10d5a1ed6bf062686fbb71e7032",
                "sha256:5369202e0e764193eac311b5a337d8cd58b1e23b822ddb7a559ed9f683d97623",
                "sha256:55b14f2402be027fe1568bc6c4d75ac34628ff5442a70f74137dadf99f738e3b",
                "sha256:6220d6efd6e2df7b67d70ed60d653106cd3b70c5cb8cbe4e9f0a142a5db14015",
                "sha256:62590dd113d10cd9c08251cb80b32e2e8aaf01ece04a700322e776b1d216959f",
                "sha256:646048f46192c8d23786cc6ef19f35b7488d4110396391e407eca695fdfe9dcd",
                "sha256:6fe450a98a0788b721b1b8302f0ba9be6eca82faf74bf7a86d794cd6484c7e27",
                "sha256:70bb7f665587dfd79e69f48b34efe226149454d7aab138ed22d5431d703de2f6",
                "sha256:725843fd444075cc6c9989f5b25ca83ac68d8d70b58e1f476fbb4096975e43cc",
                "sha256:764a5b9b40ad371c55dfdf95374d89e44a82fd62272d4fceebea0adb8930e2fb",
                "sha256:7950ff79df7a453ac8a7d7a74694055b6c15905b0a2b6e3c99eb59c51a3f9bf7",
                "sha256:7fa1626225a162924d2da0ff4ef77869f7a8501d320355d2732be5bf2dda6138",
                "sha256:810f65b9ef1fe9dddb5c05937884ea9563aaf4e1a2c3d138205231ed5f439511",
                "sha256:8390db6d2010ffcaf7f2b42339a2da620a7125d37029c1f9b72dfb04a8e7be6f",
                "sha256:84f7e8c5e5031db342ae697c2e8fb48cd708ba56990573b33e53ce626445371d",
                "sha256:8923487c3898c65e1450847e15d734bb2e6adbd2e79d2d1dd5ad829a1306bdc0",
                "sha256:89440355d1b163b11dc661ae64a5667578aab1b80bbf71ced90693d88e9863e1",
                "sha256:8b45e65383da9c4a42a56f817973e521e893f4faae897fe9f1a971f9fe799742",
                "sha256:8f4ae059c6c9e491cdc3f39f9fc4f09373ef281c6cc381499269dcff21abafc9",
                "sha256:8fa2efaf5e2f8c289a185c91c80a624a8f97aa17fbedcbc68f373d089b332afd",
                "sha256:901729188b3fd5625970650ca1167786847dee0b92930c2858724d1a5e25dee1",
                "sha256:9c9f2728488ac5848acdbf14bb4fde50f8ba783cbf3c19e9abd506741389fa7f",
                "sha256:a024b3ee539a475cbc59df877c8ecdd6f8552a1b522b69196935bc26dc6152fb",
                "sha256:a1d4e4d309049e3cb61269652a3ca56cb598da30ecd7eb8cea561e0d18bc1a43",
                "sha256:a28f24a7b68456bd31209b027a5b04304d37eb1d622ef847bf8c47933218a738",
                "sha256:a5a81104d88780018005fe17c37fa55b4afbb6dd3c205963cc56c025d5f1cc32",
                "sha256:a92ff1c2cd79b3966d6a87e26ceb222ecd5581b5ae4b58961f126af806a861ed",
                "sha256:ab1c6d761c4ee581016823dcc02f29b16ad69177fcbba88a9074c924fc31813e",
                "sha256:ac0365398947879c9827b319217096be727da16c94422e0eb3cf98c930643162",
                "sha256:b34c278a58aa79562afe7f45e0455b1f4cad5974fc3d5674cc5f1f9f57e97fc5",
                "sha256:bd3676a04970cf825d2c771b0c147f91182c5a3653e0dbe958e12383668d0f79",
                "sha256:bf30dcf6aaaa8d4779a20d2158bdf81cc8e84ce8eee595d748a7671c70c7b890",
                "sha256:d2fe9eaa367f6171ab1a21a7dcb335eb2398be7f8bb7e04a20e2260aedc6f782",
                "sha256:d557a94cd6d2e775b3af6cc0bd0ff0d9d641820b5cc3060ccf1f5ca2bf971217",
                "sha256:d5c6a66a76022af41970bf19f51bc6bf87bd10165783dd1d40484bfd87d6b382",
                "sha256:d7d05174276bb403b8a57e01b857d96b0ac2a6879c5ce06a5cac2d1115763081",
                "sha256:d922fdd49ed17c558b6b2f9ae2054c3d0cced2a34e079ce5a41c86904d0203f7",
                "sha256:db0eb06a19e4c64a08db0db80875ede44939af6a2afc281762c338fad5d6e547",
                "sha256:e037aac8dc894d147ef33056fc826ee5072977107a3fdf06122224353a057598"
            ],
            "markers": "python_version >= '3.8'",
            "version": "==3.2.10"
        },
        "pytz": {
            "hashes": [
                "sha256:360b9e3dbb49a209c21ad61809c7fb453643e048b38924c765813546746e81c3",
                "sha256:5ddf76296dd8c44c26eb8f4b6f35488f3ccbf6fbbd7adee0b7262d43f0ec2f00"
            ],
            "version": "==2025.2"
        },
        "requests": {
            "hashes": [
                "sha256:2462f94637a34fd532264295e186976db0f5d453d1cdd31473c85a6a161affb6",
                "sha256:dbba0bac56e100853db0ea71b82b4dfd5fe2bf6d3754a8893c3af500cec7d7cf"
            ],
            "markers": "python_version >= '3.9'",
            "version": "==2.32.5"
        },
        "six": {
            "hashes": [
                "sha256:4721f391ed90541fddacab5acf947aa0d3dc7d27b2e1e8eda2be8970586c3274",
                "sha256:ff70335d468e7eb6ec65b95b99d3a2836546063f63acc5171de367e834932a81"
            ],
            "markers": "python_version >= '2.7' and python_version not in '3.0, 3.1, 3.2'",
            "version": "==1.17.0"
        },
        "soupsieve": {
            "hashes": [
                "sha256:0cc76456a30e20f5d7f2e14a98a4ae2ee4e5abdc7c5ea0aafe795f344bc7984c",
                "sha256:e2dd4a40a628cb5f28f6d4b0db8800b8f581b65bb380b97de22ba5ca8d72572f"
            ],
            "markers": "python_version >= '3.9'",
            "version": "==2.8"
        },
        "sqlparse": {
            "hashes": [
                "sha256:09f67787f56a0b16ecdbde1bfc7f5d9c3371ca683cfeaa8e6ff60b4807ec9272",
                "sha256:cf2196ed3418f3ba5de6af7e82c694a9fbdbfecccdfc72e281548517081f16ca"
            ],
            "markers": "python_version >= '3.8'",
            "version": "==0.5.3"
        },
        "telepath": {
            "hashes": [
                "sha256:925c0609e0a8a6488ec4a55b19d485882cf72223b2b19fe2359a50fddd813c9c",
                "sha256:c280aa8e77ad71ce80e96500a4e4d4a32f35b7e0b52e896bb5fde9a5bcf0699a"
            ],
            "markers": "python_version >= '3.8'",
            "version": "==0.3.1"
        },
        "typing-extensions": {
            "hashes": [
                "sha256:0cea48d173cc12fa28ecabc3b837ea3cf6f38c6d1136f85cbaaf598984861466",
                "sha256:f0fa19c6845758ab08074a0cfa8b7aecb71c999ca73d62883bc25cc018c4e548"
            ],
            "markers": "python_version >= '3.9'",
            "version": "==4.15.0"
        },
        "urllib3": {
            "hashes": [
                "sha256:3fc47733c7e419d4bc3f6b3dc2b4f890bb743906a30d56ba4a5bfa4bbff92760",
                "sha256:e6b01673c0fa6a13e374b50871808eb3bf7046c4b125b216f6bf1cc604cff0dc"
            ],
            "markers": "python_version >= '3.9'",
            "version": "==2.5.0"
        },
        "wagtail": {
            "hashes": [
                "sha256:8f4908ab1b6b963a8aa7adf8f0ec738cd1dc79b9816c6d5f59018f600a404378",
                "sha256:b6c4d5705adf51a5e49ea416032dd0a6534588fc31c5c9a95f698e6ddec0a203"
            ],
            "index": "pypi",
            "markers": "python_version >= '3.8'",
            "version": "==6.1.3"
        },
        "wagtail-django-recaptcha": {
            "hashes": [
                "sha256:ae6cf07b1b6e30827bfba5db03f310df45d63ea28694959c886f5cb1d3c31fb9"
            ],
            "index": "pypi",
            "version": "==2.1.1"
        },
        "wagtail-markdown": {
            "hashes": [
                "sha256:54f1ba375348e86e03f4eca7d2ac3d33245ead9f854028d7ee9c479448f1e678",
                "sha256:bb5f02b6bdfef74b50a74e7aa3f255c7bc9787cec8d03dae50fc9404a0097dba"
            ],
            "index": "pypi",
            "markers": "python_version >= '3.8'",
            "version": "==0.12.1"
        },
        "webencodings": {
            "hashes": [
                "sha256:a0af1213f3c2226497a97e2b3aa01a7e4bee4f403f95be16fc9acd2947514a78",
                "sha256:b36a1c245f2d304965eb4e0a82848379241dc04b865afcc4aab16748587e1923"
            ],
            "version": "==0.5.1"
        },
        "willow": {
            "extras": [
                "heif"
            ],
            "hashes": [
                "sha256:0a4388dbf18726eef8f27449659047689c39b7023045ca5a8a75410d3864ee6f",
                "sha256:70292b2d0cd2d5bb4076f0b3d61308aeaa0b225f3970d00752f08a8fd386c3d1"
            ],
            "markers": "python_version >= '3.9'",
            "version": "==1.11.0"
        }
    },
    "develop": {
        "asgiref": {
            "hashes": [
                "sha256:aef8a81283a34d0ab31630c9b7dfe70c812c95eba78171367ca8745e88124734",
                "sha256:d89f2d8cd8b56dada7d52fa7dc8075baa08fb836560710d38c292a7a3f78c04e"
            ],
            "markers": "python_version >= '3.9'",
            "version": "==3.10.0"
        },
        "django": {
            "hashes": [
                "sha256:06f257f79dc4c17f3f9e23b106a4c5ed1335abecbe731e83c598c941d14fbeed",
                "sha256:543ff21679f15e80edfc01fe7ea35f8291b6d4ea589433882913626a7c1cf929"
            ],
            "index": "pypi",
            "markers": "python_version >= '3.10'",
            "version": "==5.1.13"
        },
        "django-browser-reload": {
            "hashes": [
                "sha256:0b2a86ab460774fa9bb142a121c70e75a72f18109f51a4f6de409cd633d3a70d",
                "sha256:3335ad3d107eb657f623d1a8e680dfbcab8a83ae1f94df1895e069dddf5604ba"
            ],
            "index": "pypi",
            "markers": "python_version >= '3.9'",
            "version": "==1.21.0"
        },
        "sqlparse": {
            "hashes": [
                "sha256:09f67787f56a0b16ecdbde1bfc7f5d9c3371ca683cfeaa8e6ff60b4807ec9272",
                "sha256:cf2196ed3418f3ba5de6af7e82c694a9fbdbfecccdfc72e281548517081f16ca"
            ],
            "markers": "python_version >= '3.8'",
            "version": "==0.5.3"
        }
    }
}
